
Microsoft Visual Studio Solution File, Format Version 12.00
# Visual Studio 14
VisualStudioVersion = 14.0.22823.1
MinimumVisualStudioVersion = 10.0.40219.1
Project("{2150E333-8FDC-42A3-9474-1A3956D46DE8}") = "src", "src", "{BE9B11CD-8450-4F4E-A728-008EEA7DF6C7}"
EndProject
Project("{2150E333-8FDC-42A3-9474-1A3956D46DE8}") = "Solution Items", "Solution Items", "{577F54E8-0DAF-4170-A3A0-ECA3D82E84E1}"
	ProjectSection(SolutionItems) = preProject
		global.json = global.json
	EndProjectSection
EndProject
Project("{8BB2217D-0F2D-49D1-97BC-3654ED321F3B}") = "EventWebsite", "src\EventWebsite\EventWebsite.xproj", "{EA36C66D-5BC2-43CD-B73E-B2165A4F6B92}"
EndProject
Global
	GlobalSection(SolutionConfigurationPlatforms) = preSolution
		Debug|Any CPU = Debug|Any CPU
		Release|Any CPU = Release|Any CPU
	EndGlobalSection
	GlobalSection(ProjectConfigurationPlatforms) = postSolution
		{EA36C66D-5BC2-43CD-B73E-B2165A4F6B92}.Debug|Any CPU.ActiveCfg = Debug|Any CPU
		{EA36C66D-5BC2-43CD-B73E-B2165A4F6B92}.Debug|Any CPU.Build.0 = Debug|Any CPU
		{EA36C66D-5BC2-43CD-B73E-B2165A4F6B92}.Release|Any CPU.ActiveCfg = Release|Any CPU
		{EA36C66D-5BC2-43CD-B73E-B2165A4F6B92}.Release|Any CPU.Build.0 = Release|Any CPU
	EndGlobalSection
	GlobalSection(SolutionProperties) = preSolution
		HideSolutionNode = FALSE
	EndGlobalSection
	GlobalSection(NestedProjects) = preSolution
		{EA36C66D-5BC2-43CD-B73E-B2165A4F6B92} = {BE9B11CD-8450-4F4E-A728-008EEA7DF6C7}
	EndGlobalSection
EndGlobal
